// !$*UTF8*$!
{
	archiveVersion = 1;
	classes = {
	};
	objectVersion = 60;
	objects = {

/* Begin PBXBuildFile section */
		BBBB000000000000000000A1 /* IRouterDemoApp.swift in Sources */ = {isa = PBXBuildFile; fileRef = BBBB000000000000000000B1 /* IRouterDemoApp.swift */; };
		BBBB000000000000000000A2 /* ContentView.swift in Sources */ = {isa = PBXBuildFile; fileRef = BBBB000000000000000000B2 /* ContentView.swift */; };
		BBBB000000000000000000A3 /* DemoModel.swift in Sources */ = {isa = PBXBuildFile; fileRef = BBBB000000000000000000B3 /* DemoModel.swift */; };
		BBBB000000000000000000A4 /* DemoComponents.swift in Sources */ = {isa = PBXBuildFile; fileRef = BBBB000000000000000000B4 /* DemoComponents.swift */; };
		BBBB000000000000000000A5 /* StackDemo.swift in Sources */ = {isa = PBXBuildFile; fileRef = BBBB000000000000000000B5 /* StackDemo.swift */; };
		BBBB000000000000000000A6 /* FilterDemo.swift in Sources */ = {isa = PBXBuildFile; fileRef = BBBB000000000000000000B6 /* FilterDemo.swift */; };
		BBBB000000000000000000A7 /* IRouter in Frameworks */ = {isa = PBXBuildFile; productRef = BBBB000000000000000000F9 /* IRouter */; };
		BBBB000000000000000000A8 /* ModalDemo.swift in Sources */ = {isa = PBXBuildFile; fileRef = BBBB000000000000000000B8 /* ModalDemo.swift */; };
		BBBB000000000000000000A9 /* NestedDemo.swift in Sources */ = {isa = PBXBuildFile; fileRef = BBBB000000000000000000B9 /* NestedDemo.swift */; };
		BBBB000000000000000000AA /* MultipleRoutersDemo.swift in Sources */ = {isa = PBXBuildFile; fileRef = BBBB000000000000000000BA /* MultipleRoutersDemo.swift */; };
		CCCC000000000000000000A8 /* IRouterDemoUITests.swift in Sources */ = {isa = PBXBuildFile; fileRef = CCCC000000000000000000B9 /* IRouterDemoUITests.swift */; };
/* End PBXBuildFile section */

/* Begin PBXContainerItemProxy section */
		CCCC000000000000000000D5 /* PBXContainerItemProxy */ = {
			isa = PBXContainerItemProxy;
			containerPortal = BBBB000000000000000000F1 /* Project object */;
			proxyType = 1;
			remoteGlobalIDString = BBBB000000000000000000E1;
			remoteInfo = IRouterDemo;
		};
/* End PBXContainerItemProxy section */

/* Begin PBXFileReference section */
		BBBB000000000000000000B1 /* IRouterDemoApp.swift */ = {isa = PBXFileReference; lastKnownFileType = sourcecode.swift; path = IRouterDemoApp.swift; sourceTree = "<group>"; };
		BBBB000000000000000000B2 /* ContentView.swift */ = {isa = PBXFileReference; lastKnownFileType = sourcecode.swift; path = ContentView.swift; sourceTree = "<group>"; };
		BBBB000000000000000000B3 /* DemoModel.swift */ = {isa = PBXFileReference; lastKnownFileType = sourcecode.swift; path = DemoModel.swift; sourceTree = "<group>"; };
		BBBB000000000000000000B4 /* DemoComponents.swift */ = {isa = PBXFileReference; lastKnownFileType = sourcecode.swift; path = DemoComponents.swift; sourceTree = "<group>"; };
		BBBB000000000000000000B5 /* StackDemo.swift */ = {isa = PBXFileReference; lastKnownFileType = sourcecode.swift; path = StackDemo.swift; sourceTree = "<group>"; };
		BBBB000000000000000000B6 /* FilterDemo.swift */ = {isa = PBXFileReference; lastKnownFileType = sourcecode.swift; path = FilterDemo.swift; sourceTree = "<group>"; };
		BBBB000000000000000000B7 /* IRouterDemo.app */ = {isa = PBXFileReference; explicitFileType = wrapper.application; includeInIndex = 0; path = IRouterDemo.app; sourceTree = BUILT_PRODUCTS_DIR; };
		BBBB000000000000000000B8 /* ModalDemo.swift */ = {isa = PBXFileReference; lastKnownFileType = sourcecode.swift; path = ModalDemo.swift; sourceTree = "<group>"; };
		BBBB000000000000000000B9 /* NestedDemo.swift */ = {isa = PBXFileReference; lastKnownFileType = sourcecode.swift; path = NestedDemo.swift; sourceTree = "<group>"; };
		BBBB000000000000000000BA /* MultipleRoutersDemo.swift */ = {isa = PBXFileReference; lastKnownFileType = sourcecode.swift; path = MultipleRoutersDemo.swift; sourceTree = "<group>"; };
		BBBB000000000000000000BB /* Info-macOS.plist */ = {isa = PBXFileReference; lastKnownFileType = text.plist.xml; path = "Info-macOS.plist"; sourceTree = "<group>"; };
		CCCC000000000000000000B8 /* IRouterDemoUITests.xctest */ = {isa = PBXFileReference; explicitFileType = wrapper.cfbundle; includeInIndex = 0; path = IRouterDemoUITests.xctest; sourceTree = BUILT_PRODUCTS_DIR; };
		CCCC000000000000000000B9 /* IRouterDemoUITests.swift */ = {isa = PBXFileReference; lastKnownFileType = sourcecode.swift; path = IRouterDemoUITests.swift; sourceTree = "<group>"; };
/* End PBXFileReference section */

/* Begin PBXFrameworksBuildPhase section */
		BBBB000000000000000000C3 /* Frameworks */ = {
			isa = PBXFrameworksBuildPhase;
			buildActionMask = 2147483647;
			files = (
				BBBB000000000000000000A7 /* IRouter in Frameworks */,
			);
			runOnlyForDeploymentPostprocessing = 0;
		};
		CCCC000000000000000000C5 /* Frameworks */ = {
			isa = PBXFrameworksBuildPhase;
			buildActionMask = 2147483647;
			files = (
			);
			runOnlyForDeploymentPostprocessing = 0;
		};
/* End PBXFrameworksBuildPhase section */

/* Begin PBXGroup section */
		BBBB000000000000000000D1 = {
			isa = PBXGroup;
			children = (
				BBBB000000000000000000D2 /* IRouterDemo */,
				CCCC000000000000000000D7 /* IRouterDemoUITests */,
				BBBB000000000000000000D3 /* Products */,
			);
			sourceTree = "<group>";
		};
		BBBB000000000000000000D2 /* IRouterDemo */ = {
			isa = PBXGroup;
			children = (
				BBBB000000000000000000BB /* Info-macOS.plist */,
				BBBB000000000000000000B1 /* IRouterDemoApp.swift */,
				BBBB000000000000000000B2 /* ContentView.swift */,
				BBBB000000000000000000B3 /* DemoModel.swift */,
				BBBB000000000000000000B4 /* DemoComponents.swift */,
				BBBB000000000000000000B5 /* StackDemo.swift */,
				BBBB000000000000000000B6 /* FilterDemo.swift */,
				BBBB000000000000000000B8 /* ModalDemo.swift */,
				BBBB000000000000000000B9 /* NestedDemo.swift */,
				BBBB000000000000000000BA /* MultipleRoutersDemo.swift */,
			);
			path = IRouterDemo;
			sourceTree = "<group>";
		};
		BBBB000000000000000000D3 /* Products */ = {
			isa = PBXGroup;
			children = (
				BBBB000000000000000000B7 /* IRouterDemo.app */,
				CCCC000000000000000000B8 /* IRouterDemoUITests.xctest */,
			);
			name = Products;
			sourceTree = "<group>";
		};
		CCCC000000000000000000D7 /* IRouterDemoUITests */ = {
			isa = PBXGroup;
			children = (
				CCCC000000000000000000B9 /* IRouterDemoUITests.swift */,
			);
			path = IRouterDemoUITests;
			sourceTree = "<group>";
		};
/* End PBXGroup section */

/* Begin PBXNativeTarget section */
		BBBB000000000000000000E1 /* IRouterDemo */ = {
			isa = PBXNativeTarget;
			buildConfigurationList = BBBB000000000000000000F3 /* Build configuration list for PBXNativeTarget "IRouterDemo" */;
			buildPhases = (
				BBBB000000000000000000C3 /* Frameworks */,
				BBBB000000000000000000C1 /* Sources */,
				BBBB000000000000000000C2 /* Resources */,
			);
			buildRules = (
			);
			dependencies = (
			);
			name = IRouterDemo;
			packageProductDependencies = (
				BBBB000000000000000000F9 /* IRouter */,
			);
			productName = IRouterDemo;
			productReference = BBBB000000000000000000B7 /* IRouterDemo.app */;
			productType = "com.apple.product-type.application";
		};
		CCCC000000000000000000E2 /* IRouterDemoUITests */ = {
			isa = PBXNativeTarget;
			buildConfigurationList = CCCC000000000000000000F12 /* Build configuration list for PBXNativeTarget "IRouterDemoUITests" */;
			buildPhases = (
				CCCC000000000000000000C4 /* Sources */,
				CCCC000000000000000000C5 /* Frameworks */,
				CCCC000000000000000000C6 /* Resources */,
			);
			buildRules = (
			);
			dependencies = (
				CCCC000000000000000000D4 /* PBXTargetDependency */,
			);
			name = IRouterDemoUITests;
			packageProductDependencies = (
			);
			productName = IRouterDemoUITests;
			productReference = CCCC000000000000000000B8 /* IRouterDemoUITests.xctest */;
			productType = "com.apple.product-type.bundle.ui-testing";
		};
/* End PBXNativeTarget section */

/* Begin PBXProject section */
		BBBB000000000000000000F1 /* Project object */ = {
			isa = PBXProject;
			attributes = {
				BuildIndependentTargetsInParallel = 1;
				LastSwiftUpdateCheck = 1500;
				LastUpgradeCheck = 1500;
				TargetAttributes = {
					BBBB000000000000000000E1 = {
						CreatedOnToolsVersion = 15.0;
					};
					CCCC000000000000000000E2 = {
						CreatedOnToolsVersion = 26.3;
						TestTargetID = BBBB000000000000000000E1;
					};
				};
			};
			buildConfigurationList = BBBB000000000000000000F2 /* Build configuration list for PBXProject "IRouterDemo" */;
			compatibilityVersion = "Xcode 14.0";
			developmentRegion = en;
			hasScannedForEncodings = 0;
			knownRegions = (
				en,
				Base,
			);
			mainGroup = BBBB000000000000000000D1;
			packageReferences = (
				BBBB000000000000000000F8 /* XCLocalSwiftPackageReference ".." */,
			);
			productRefGroup = BBBB000000000000000000D3 /* Products */;
			projectDirPath = "";
			projectRoot = "";
			targets = (
				BBBB000000000000000000E1 /* IRouterDemo */,
				CCCC000000000000000000E2 /* IRouterDemoUITests */,
			);
		};
/* End PBXProject section */

/* Begin PBXResourcesBuildPhase section */
		BBBB000000000000000000C2 /* Resources */ = {
			isa = PBXResourcesBuildPhase;
			buildActionMask = 2147483647;
			files = (
			);
			runOnlyForDeploymentPostprocessing = 0;
		};
		CCCC000000000000000000C6 /* Resources */ = {
			isa = PBXResourcesBuildPhase;
			buildActionMask = 2147483647;
			files = (
			);
			runOnlyForDeploymentPostprocessing = 0;
		};
/* End PBXResourcesBuildPhase section */

/* Begin PBXSourcesBuildPhase section */
		BBBB000000000000000000C1 /* Sources */ = {
			isa = PBXSourcesBuildPhase;
			buildActionMask = 2147483647;
			files = (
				BBBB000000000000000000A1 /* IRouterDemoApp.swift in Sources */,
				BBBB000000000000000000A2 /* ContentView.swift in Sources */,
				BBBB000000000000000000A3 /* DemoModel.swift in Sources */,
				BBBB000000000000000000A4 /* DemoComponents.swift in Sources */,
				BBBB000000000000000000A5 /* StackDemo.swift in Sources */,
				BBBB000000000000000000A6 /* FilterDemo.swift in Sources */,
				BBBB000000000000000000A8 /* ModalDemo.swift in Sources */,
				BBBB000000000000000000A9 /* NestedDemo.swift in Sources */,
				BBBB000000000000000000AA /* MultipleRoutersDemo.swift in Sources */,
			);
			runOnlyForDeploymentPostprocessing = 0;
		};
		CCCC000000000000000000C4 /* Sources */ = {
			isa = PBXSourcesBuildPhase;
			buildActionMask = 2147483647;
			files = (
				CCCC000000000000000000A8 /* IRouterDemoUITests.swift in Sources */,
			);
			runOnlyForDeploymentPostprocessing = 0;
		};
/* End PBXSourcesBuildPhase section */

/* Begin PBXTargetDependency section */
		CCCC000000000000000000D4 /* PBXTargetDependency */ = {
			isa = PBXTargetDependency;
			target = BBBB000000000000000000E1 /* IRouterDemo */;
			targetProxy = CCCC000000000000000000D5 /* PBXContainerItemProxy */;
		};
/* End PBXTargetDependency section */

/* Begin XCBuildConfiguration section */
		BBBB000000000000000000F4 /* Debug */ = {
			isa = XCBuildConfiguration;
			buildSettings = {
				ALWAYS_SEARCH_USER_PATHS = NO;
				CLANG_ANALYZER_NONNULL = YES;
				CLANG_ANALYZER_NUMBER_OBJECT_CONVERSION = YES_AGGRESSIVE;
				CLANG_CXX_LANGUAGE_STANDARD = "gnu++20";
				CLANG_ENABLE_MODULES = YES;
				CLANG_ENABLE_OBJC_ARC = YES;
				CLANG_ENABLE_OBJC_WEAK = YES;
				CLANG_WARN_BLOCK_CAPTURE_AUTORELEASING = YES;
				CLANG_WARN_BOOL_CONVERSION = YES;
				CLANG_WARN_COMMA = YES;
				CLANG_WARN_CONSTANT_CONVERSION = YES;
				CLANG_WARN_DEPRECATED_OBJC_IMPLEMENTATIONS = YES;
				CLANG_WARN_DIRECT_OBJC_ISA_USAGE = YES_ERROR;
				CLANG_WARN_DOCUMENTATION_COMMENTS = YES;
				CLANG_WARN_EMPTY_BODY = YES;
				CLANG_WARN_ENUM_CONVERSION = YES;
				CLANG_WARN_INFINITE_LOOPS = YES;
				CLANG_WARN_INT_CONVERSION = YES;
				CLANG_WARN_NON_LITERAL_NULL_CONVERSION = YES;
				CLANG_WARN_OBJC_IMPLICIT_RETAIN_SELF = YES;
				CLANG_WARN_OBJC_LITERAL_CONVERSION = YES;
				CLANG_WARN_OBJC_ROOT_CLASS = YES_ERROR;
				CLANG_WARN_QUOTED_INCLUDE_IN_FRAMEWORK_HEADER = YES;
				CLANG_WARN_RANGE_LOOP_ANALYSIS = YES;
				CLANG_WARN_STRICT_PROTOTYPES = YES;
				CLANG_WARN_SUSPICIOUS_MOVE = YES;
				CLANG_WARN_UNGUARDED_AVAILABILITY = YES_AGGRESSIVE;
				CLANG_WARN_UNREACHABLE_CODE = YES;
				CLANG_WARN__DUPLICATE_METHOD_MATCH = YES;
				COPY_PHASE_STRIP = NO;
				DEBUG_INFORMATION_FORMAT = dwarf;
				ENABLE_STRICT_OBJC_MSGSEND = YES;
				ENABLE_TESTABILITY = YES;
				ENABLE_USER_SCRIPT_SANDBOXING = YES;
				GCC_C_LANGUAGE_STANDARD = gnu17;
				GCC_DYNAMIC_NO_PIC = NO;
				GCC_NO_COMMON_BLOCKS = YES;
				GCC_OPTIMIZATION_LEVEL = 0;
				GCC_PREPROCESSOR_DEFINITIONS = (
					"DEBUG=1",
					"$(inherited)",
				);
				GCC_WARN_64_TO_32_BIT_CONVERSION = YES;
				GCC_WARN_ABOUT_RETURN_TYPE = YES_ERROR;
				GCC_WARN_UNDECLARED_SELECTOR = YES;
				GCC_WARN_UNINITIALIZED_AUTOS = YES_AGGRESSIVE;
				GCC_WARN_UNUSED_FUNCTION = YES;
				GCC_WARN_UNUSED_VARIABLE = YES;
				IPHONEOS_DEPLOYMENT_TARGET = 17.0;
				MTL_ENABLE_DEBUG_INFO = INCLUDE_SOURCE;
				MTL_FAST_MATH = YES;
				ONLY_ACTIVE_ARCH = YES;
				SDKROOT = auto;
				SWIFT_ACTIVE_COMPILATION_CONDITIONS = "DEBUG $(inherited)";
				SWIFT_OPTIMIZATION_LEVEL = "-Onone";
			};
			name = Debug;
		};
		BBBB000000000000000000F5 /* Release */ = {
			isa = XCBuildConfiguration;
			buildSettings = {
				ALWAYS_SEARCH_USER_PATHS = NO;
				CLANG_ANALYZER_NONNULL = YES;
				CLANG_ANALYZER_NUMBER_OBJECT_CONVERSION = YES_AGGRESSIVE;
				CLANG_CXX_LANGUAGE_STANDARD = "gnu++20";
				CLANG_ENABLE_MODULES = YES;
				CLANG_ENABLE_OBJC_ARC = YES;
				CLANG_ENABLE_OBJC_WEAK = YES;
				CLANG_WARN_BLOCK_CAPTURE_AUTORELEASING = YES;
				CLANG_WARN_BOOL_CONVERSION = YES;
				CLANG_WARN_COMMA = YES;
				CLANG_WARN_CONSTANT_CONVERSION = YES;
				CLANG_WARN_DEPRECATED_OBJC_IMPLEMENTATIONS = YES;
				CLANG_WARN_DIRECT_OBJC_ISA_USAGE = YES_ERROR;
				CLANG_WARN_DOCUMENTATION_COMMENTS = YES;
				CLANG_WARN_EMPTY_BODY = YES;
				CLANG_WARN_ENUM_CONVERSION = YES;
				CLANG_WARN_INFINITE_LOOPS = YES;
				CLANG_WARN_INT_CONVERSION = YES;
				CLANG_WARN_NON_LITERAL_NULL_CONVERSION = YES;
				CLANG_WARN_OBJC_IMPLICIT_RETAIN_SELF = YES;
				CLANG_WARN_OBJC_LITERAL_CONVERSION = YES;
				CLANG_WARN_OBJC_ROOT_CLASS = YES_ERROR;
				CLANG_WARN_QUOTED_INCLUDE_IN_FRAMEWORK_HEADER = YES;
				CLANG_WARN_RANGE_LOOP_ANALYSIS = YES;
				CLANG_WARN_STRICT_PROTOTYPES = YES;
				CLANG_WARN_SUSPICIOUS_MOVE = YES;
				CLANG_WARN_UNGUARDED_AVAILABILITY = YES_AGGRESSIVE;
				CLANG_WARN_UNREACHABLE_CODE = YES;
				CLANG_WARN__DUPLICATE_METHOD_MATCH = YES;
				COPY_PHASE_STRIP = NO;
				DEBUG_INFORMATION_FORMAT = "dwarf-with-dsym";
				ENABLE_NS_ASSERTIONS = NO;
				ENABLE_STRICT_OBJC_MSGSEND = YES;
				ENABLE_USER_SCRIPT_SANDBOXING = YES;
				GCC_C_LANGUAGE_STANDARD = gnu17;
				GCC_NO_COMMON_BLOCKS = YES;
				GCC_WARN_64_TO_32_BIT_CONVERSION = YES;
				GCC_WARN_ABOUT_RETURN_TYPE = YES_ERROR;
				GCC_WARN_UNDECLARED_SELECTOR = YES;
				GCC_WARN_UNINITIALIZED_AUTOS = YES_AGGRESSIVE;
				GCC_WARN_UNUSED_FUNCTION = YES;
				GCC_WARN_UNUSED_VARIABLE = YES;
				IPHONEOS_DEPLOYMENT_TARGET = 17.0;
				MTL_FAST_MATH = YES;
				SDKROOT = auto;
				SWIFT_COMPILATION_MODE = wholemodule;
				SWIFT_OPTIMIZATION_LEVEL = "-O";
				VALIDATE_PRODUCT = YES;
			};
			name = Release;
		};
		BBBB000000000000000000F6 /* Debug */ = {
			isa = XCBuildConfiguration;
			buildSettings = {
				ASSETCATALOG_COMPILER_APPICON_NAME = AppIcon;
				ASSETCATALOG_COMPILER_GLOBAL_ACCENT_COLOR_NAME = AccentColor;
				CODE_SIGN_STYLE = Automatic;
				CURRENT_PROJECT_VERSION = 1;
				DEVELOPMENT_TEAM = "";
				ENABLE_PREVIEWS = YES;
				GENERATE_INFOPLIST_FILE = YES;
				"GENERATE_INFOPLIST_FILE[sdk=macosx*]" = NO;
				"INFOPLIST_FILE[sdk=macosx*]" = "IRouterDemo/Info-macOS.plist";
				INFOPLIST_KEY_UIApplicationSceneManifest_Generation = YES;
				INFOPLIST_KEY_UIApplicationSupportsIndirectInputEvents = YES;
				INFOPLIST_KEY_UILaunchScreen_Generation = YES;
				INFOPLIST_KEY_UISupportedInterfaceOrientations_iPad = "UIInterfaceOrientationLandscapeLeft UIInterfaceOrientationLandscapeRight UIInterfaceOrientationPortrait UIInterfaceOrientationPortraitUpsideDown";
				INFOPLIST_KEY_UISupportedInterfaceOrientations_iPhone = "UIInterfaceOrientationLandscapeLeft UIInterfaceOrientationLandscapeRight UIInterfaceOrientationPortrait";
				IPHONEOS_DEPLOYMENT_TARGET = 17.0;
				LD_RUNPATH_SEARCH_PATHS = (
					"$(inherited)",
					"@executable_path/Frameworks",
				);
				MACOSX_DEPLOYMENT_TARGET = 14.0;
				MARKETING_VERSION = 1.0;
				PRODUCT_BUNDLE_IDENTIFIER = com.ibabyblue.iRouterDemo;
				PRODUCT_NAME = "$(TARGET_NAME)";
				SUPPORTED_PLATFORMS = "iphoneos iphonesimulator macosx";
				SUPPORTS_MACCATALYST = NO;
				SWIFT_EMIT_LOC_STRINGS = YES;
				SWIFT_VERSION = 6.0;
				TARGETED_DEVICE_FAMILY = "1,2";
			};
			name = Debug;
		};
		BBBB000000000000000000F7 /* Release */ = {
			isa = XCBuildConfiguration;
			buildSettings = {
				ASSETCATALOG_COMPILER_APPICON_NAME = AppIcon;
				ASSETCATALOG_COMPILER_GLOBAL_ACCENT_COLOR_NAME = AccentColor;
				CODE_SIGN_STYLE = Automatic;
				CURRENT_PROJECT_VERSION = 1;
				DEVELOPMENT_TEAM = "";
				ENABLE_PREVIEWS = YES;
				GENERATE_INFOPLIST_FILE = YES;
				"GENERATE_INFOPLIST_FILE[sdk=macosx*]" = NO;
				"INFOPLIST_FILE[sdk=macosx*]" = "IRouterDemo/Info-macOS.plist";
				INFOPLIST_KEY_UIApplicationSceneManifest_Generation = YES;
				INFOPLIST_KEY_UIApplicationSupportsIndirectInputEvents = YES;
				INFOPLIST_KEY_UILaunchScreen_Generation = YES;
				INFOPLIST_KEY_UISupportedInterfaceOrientations_iPad = "UIInterfaceOrientationLandscapeLeft UIInterfaceOrientationLandscapeRight UIInterfaceOrientationPortrait UIInterfaceOrientationPortraitUpsideDown";
				INFOPLIST_KEY_UISupportedInterfaceOrientations_iPhone = "UIInterfaceOrientationLandscapeLeft UIInterfaceOrientationLandscapeRight UIInterfaceOrientationPortrait";
				IPHONEOS_DEPLOYMENT_TARGET = 17.0;
				LD_RUNPATH_SEARCH_PATHS = (
					"$(inherited)",
					"@executable_path/Frameworks",
				);
				MACOSX_DEPLOYMENT_TARGET = 14.0;
				MARKETING_VERSION = 1.0;
				PRODUCT_BUNDLE_IDENTIFIER = com.ibabyblue.iRouterDemo;
				PRODUCT_NAME = "$(TARGET_NAME)";
				SUPPORTED_PLATFORMS = "iphoneos iphonesimulator macosx";
				SUPPORTS_MACCATALYST = NO;
				SWIFT_EMIT_LOC_STRINGS = YES;
				SWIFT_VERSION = 6.0;
				TARGETED_DEVICE_FAMILY = "1,2";
			};
			name = Release;
		};
		CCCC000000000000000000F10 /* Debug */ = {
			isa = XCBuildConfiguration;
			buildSettings = {
				CODE_SIGN_STYLE = Automatic;
				CURRENT_PROJECT_VERSION = 1;
				DEVELOPMENT_TEAM = 2Z83ZPSLB9;
				GENERATE_INFOPLIST_FILE = YES;
				IPHONEOS_DEPLOYMENT_TARGET = 17.0;
				MARKETING_VERSION = 1.0;
				PRODUCT_BUNDLE_IDENTIFIER = com.ibabyblue.IRouterDemoUITests;
				PRODUCT_NAME = "$(TARGET_NAME)";
				SDKROOT = iphoneos;
				SUPPORTED_PLATFORMS = "iphoneos iphonesimulator";
				SWIFT_EMIT_LOC_STRINGS = NO;
				SWIFT_VERSION = 6.0;
				TARGETED_DEVICE_FAMILY = "1,2";
				TEST_TARGET_NAME = IRouterDemo;
			};
			name = Debug;
		};
		CCCC000000000000000000F11 /* Release */ = {
			isa = XCBuildConfiguration;
			buildSettings = {
				CODE_SIGN_STYLE = Automatic;
				CURRENT_PROJECT_VERSION = 1;
				DEVELOPMENT_TEAM = 2Z83ZPSLB9;
				GENERATE_INFOPLIST_FILE = YES;
				IPHONEOS_DEPLOYMENT_TARGET = 17.0;
				MARKETING_VERSION = 1.0;
				PRODUCT_BUNDLE_IDENTIFIER = com.ibabyblue.IRouterDemoUITests;
				PRODUCT_NAME = "$(TARGET_NAME)";
				SDKROOT = iphoneos;
				SUPPORTED_PLATFORMS = "iphoneos iphonesimulator";
				SWIFT_EMIT_LOC_STRINGS = NO;
				SWIFT_VERSION = 6.0;
				TARGETED_DEVICE_FAMILY = "1,2";
				TEST_TARGET_NAME = IRouterDemo;
			};
			name = Release;
		};
/* End XCBuildConfiguration section */

/* Begin XCConfigurationList section */
		BBBB000000000000000000F2 /* Build configuration list for PBXProject "IRouterDemo" */ = {
			isa = XCConfigurationList;
			buildConfigurations = (
				BBBB000000000000000000F4 /* Debug */,
				BBBB000000000000000000F5 /* Release */,
			);
			defaultConfigurationIsVisible = 0;
			defaultConfigurationName = Release;
		};
		BBBB000000000000000000F3 /* Build configuration list for PBXNativeTarget "IRouterDemo" */ = {
			isa = XCConfigurationList;
			buildConfigurations = (
				BBBB000000000000000000F6 /* Debug */,
				BBBB000000000000000000F7 /* Release */,
			);
			defaultConfigurationIsVisible = 0;
			defaultConfigurationName = Release;
		};
		CCCC000000000000000000F12 /* Build configuration list for PBXNativeTarget "IRouterDemoUITests" */ = {
			isa = XCConfigurationList;
			buildConfigurations = (
				CCCC000000000000000000F10 /* Debug */,
				CCCC000000000000000000F11 /* Release */,
			);
			defaultConfigurationIsVisible = 0;
			defaultConfigurationName = Release;
		};
/* End XCConfigurationList section */

/* Begin XCLocalSwiftPackageReference section */
		BBBB000000000000000000F8 /* XCLocalSwiftPackageReference ".." */ = {
			isa = XCLocalSwiftPackageReference;
			relativePath = ..;
		};
/* End XCLocalSwiftPackageReference section */

/* Begin XCSwiftPackageProductDependency section */
		BBBB000000000000000000F9 /* IRouter */ = {
			isa = XCSwiftPackageProductDependency;
			package = BBBB000000000000000000F8 /* XCLocalSwiftPackageReference ".." */;
			productName = IRouter;
		};
/* End XCSwiftPackageProductDependency section */
	};
	rootObject = BBBB000000000000000000F1 /* Project object */;
}
